
Microsoft Visual Studio Solution File, Format Version 12.00
# Visual Studio 14
VisualStudioVersion = 14.0.25420.1
MinimumVisualStudioVersion = 10.0.40219.1
Project("{8BC9CEB8-8B4A-11D0-8D11-00A0C91BC942}") = "signalExample", "signalExample\signalExample.vcxproj", "{C69CC818-5557-4BA3-AA3A-0A68AEB8971C}"
EndProject
Project("{8BC9CEB8-8B4A-11D0-8D11-00A0C91BC942}") = "abstractFactoryExample", "abstractFactory\abstractFactory.vcxproj", "{84F3C5F5-9E4A-449A-8DE9-C4C613CF4CEF}"
EndProject
Project("{8BC9CEB8-8B4A-11D0-8D11-00A0C91BC942}") = "castExample", "castExample\castExample.vcxproj", "{4D23D7B9-8741-4387-9591-2D65A03ECB5E}"
EndProject
Project("{8BC9CEB8-8B4A-11D0-8D11-00A0C91BC942}") = "visitorExample2", "visitorExample2\visitorExample2.vcxproj", "{42A3DC4C-038F-4A9B-BA0A-6057434EE5A9}"
EndProject
Project("{8BC9CEB8-8B4A-11D0-8D11-00A0C91BC942}") = "visitorExample", "visitorExample\visitorExample.vcxproj", "{7DF2CA1C-042D-4AC8-9A7F-1F9803A96F48}"
EndProject
Project("{8BC9CEB8-8B4A-11D0-8D11-00A0C91BC942}") = "ipcExample", "ipcExample\ipcExample.vcxproj", "{B30B52E7-57FE-4FB6-8243-189277384EB4}"
EndProject
Project("{8BC9CEB8-8B4A-11D0-8D11-00A0C91BC942}") = "crtpExample", "crtpExample\crtpExample.vcxproj", "{9185357C-4A77-417A-9AC8-6CB09F30F23E}"
EndProject
Project("{8BC9CEB8-8B4A-11D0-8D11-00A0C91BC942}") = "singletonExample", "singletonExample\singletonExample.vcxproj", "{3866478D-D64C-4A1D-9A7D-26B20133B576}"
EndProject
Project("{8BC9CEB8-8B4A-11D0-8D11-00A0C91BC942}") = "zipExample", "zipExample\zipExample.vcxproj", "{6EED0854-BB64-4A0A-BC90-EFA02E294481}"
EndProject
Project("{8BC9CEB8-8B4A-11D0-8D11-00A0C91BC942}") = "enumFactoryExample", "enumFactoryExample\enumFactoryExample.vcxproj", "{C249362A-47FC-4AE3-A3F6-7F8F92450EF5}"
EndProject
Project("{8BC9CEB8-8B4A-11D0-8D11-00A0C91BC942}") = "enumFactoryExample2", "enumFactoryExample2\enumFactoryExample2.vcxproj", "{437B6E74-2DCA-4547-8F03-153640B3DEA9}"
EndProject
Project("{8BC9CEB8-8B4A-11D0-8D11-00A0C91BC942}") = "spiritExample", "spiritExample\spiritExample.vcxproj", "{FB6027C4-70E1-4A70-998F-EF8C875A790C}"
EndProject
Project("{8BC9CEB8-8B4A-11D0-8D11-00A0C91BC942}") = "logExample", "logExample\logExample.vcxproj", "{1CAA5F45-B499-4AF6-9754-2875F2CCA6E4}"
EndProject
Project("{8BC9CEB8-8B4A-11D0-8D11-00A0C91BC942}") = "logExample2", "logExample2\logExample2.vcxproj", "{55CFEC79-11EA-44CB-9AAB-56D1E8083A72}"
EndProject
Project("{8BC9CEB8-8B4A-11D0-8D11-00A0C91BC942}") = "spiritExample2", "spiritExample2\spiritExample2.vcxproj", "{331D0CA0-C3EB-47B1-BC29-78E0241D0DC2}"
EndProject
Project("{8BC9CEB8-8B4A-11D0-8D11-00A0C91BC942}") = "spiritExample3", "spiritExample3\spiritExample3.vcxproj", "{8B0BF18B-D19E-40F0-900B-44237DFFA4E8}"
EndProject
Project("{8BC9CEB8-8B4A-11D0-8D11-00A0C91BC942}") = "spiritExample4", "spiritExample4\spiritExample4.vcxproj", "{01748776-AEA8-4549-8C89-13C34154C884}"
EndProject
Project("{8BC9CEB8-8B4A-11D0-8D11-00A0C91BC942}") = "spiritExample5", "spiritExample5\spiritExample5.vcxproj", "{79BB0C6F-A8A7-47DB-8ED9-040EEE14869E}"
EndProject
Global
	GlobalSection(SolutionConfigurationPlatforms) = preSolution
		Debug|x64 = Debug|x64
		Debug|x86 = Debug|x86
		Release|x64 = Release|x64
		Release|x86 = Release|x86
	EndGlobalSection
	GlobalSection(ProjectConfigurationPlatforms) = postSolution
		{C69CC818-5557-4BA3-AA3A-0A68AEB8971C}.Debug|x64.ActiveCfg = Debug|x64
		{C69CC818-5557-4BA3-AA3A-0A68AEB8971C}.Debug|x64.Build.0 = Debug|x64
		{C69CC818-5557-4BA3-AA3A-0A68AEB8971C}.Debug|x86.ActiveCfg = Debug|Win32
		{C69CC818-5557-4BA3-AA3A-0A68AEB8971C}.Debug|x86.Build.0 = Debug|Win32
		{C69CC818-5557-4BA3-AA3A-0A68AEB8971C}.Release|x64.ActiveCfg = Release|x64
		{C69CC818-5557-4BA3-AA3A-0A68AEB8971C}.Release|x64.Build.0 = Release|x64
		{C69CC818-5557-4BA3-AA3A-0A68AEB8971C}.Release|x86.ActiveCfg = Release|Win32
		{C69CC818-5557-4BA3-AA3A-0A68AEB8971C}.Release|x86.Build.0 = Release|Win32
		{84F3C5F5-9E4A-449A-8DE9-C4C613CF4CEF}.Debug|x64.ActiveCfg = Debug|x64
		{84F3C5F5-9E4A-449A-8DE9-C4C613CF4CEF}.Debug|x64.Build.0 = Debug|x64
		{84F3C5F5-9E4A-449A-8DE9-C4C613CF4CEF}.Debug|x86.ActiveCfg = Debug|Win32
		{84F3C5F5-9E4A-449A-8DE9-C4C613CF4CEF}.Debug|x86.Build.0 = Debug|Win32
		{84F3C5F5-9E4A-449A-8DE9-C4C613CF4CEF}.Release|x64.ActiveCfg = Release|x64
		{84F3C5F5-9E4A-449A-8DE9-C4C613CF4CEF}.Release|x64.Build.0 = Release|x64
		{84F3C5F5-9E4A-449A-8DE9-C4C613CF4CEF}.Release|x86.ActiveCfg = Release|Win32
		{84F3C5F5-9E4A-449A-8DE9-C4C613CF4CEF}.Release|x86.Build.0 = Release|Win32
		{4D23D7B9-8741-4387-9591-2D65A03ECB5E}.Debug|x64.ActiveCfg = Debug|x64
		{4D23D7B9-8741-4387-9591-2D65A03ECB5E}.Debug|x64.Build.0 = Debug|x64
		{4D23D7B9-8741-4387-9591-2D65A03ECB5E}.Debug|x86.ActiveCfg = Debug|Win32
		{4D23D7B9-8741-4387-9591-2D65A03ECB5E}.Debug|x86.Build.0 = Debug|Win32
		{4D23D7B9-8741-4387-9591-2D65A03ECB5E}.Release|x64.ActiveCfg = Release|x64
		{4D23D7B9-8741-4387-9591-2D65A03ECB5E}.Release|x64.Build.0 = Release|x64
		{4D23D7B9-8741-4387-9591-2D65A03ECB5E}.Release|x86.ActiveCfg = Release|Win32
		{4D23D7B9-8741-4387-9591-2D65A03ECB5E}.Release|x86.Build.0 = Release|Win32
		{42A3DC4C-038F-4A9B-BA0A-6057434EE5A9}.Debug|x64.ActiveCfg = Debug|x64
		{42A3DC4C-038F-4A9B-BA0A-6057434EE5A9}.Debug|x64.Build.0 = Debug|x64
		{42A3DC4C-038F-4A9B-BA0A-6057434EE5A9}.Debug|x86.ActiveCfg = Debug|Win32
		{42A3DC4C-038F-4A9B-BA0A-6057434EE5A9}.Debug|x86.Build.0 = Debug|Win32
		{42A3DC4C-038F-4A9B-BA0A-6057434EE5A9}.Release|x64.ActiveCfg = Release|x64
		{42A3DC4C-038F-4A9B-BA0A-6057434EE5A9}.Release|x64.Build.0 = Release|x64
		{42A3DC4C-038F-4A9B-BA0A-6057434EE5A9}.Release|x86.ActiveCfg = Release|Win32
		{42A3DC4C-038F-4A9B-BA0A-6057434EE5A9}.Release|x86.Build.0 = Release|Win32
		{7DF2CA1C-042D-4AC8-9A7F-1F9803A96F48}.Debug|x64.ActiveCfg = Debug|x64
		{7DF2CA1C-042D-4AC8-9A7F-1F9803A96F48}.Debug|x64.Build.0 = Debug|x64
		{7DF2CA1C-042D-4AC8-9A7F-1F9803A96F48}.Debug|x86.ActiveCfg = Debug|Win32
		{7DF2CA1C-042D-4AC8-9A7F-1F9803A96F48}.Debug|x86.Build.0 = Debug|Win32
		{7DF2CA1C-042D-4AC8-9A7F-1F9803A96F48}.Release|x64.ActiveCfg = Release|x64
		{7DF2CA1C-042D-4AC8-9A7F-1F9803A96F48}.Release|x64.Build.0 = Release|x64
		{7DF2CA1C-042D-4AC8-9A7F-1F9803A96F48}.Release|x86.ActiveCfg = Release|Win32
		{7DF2CA1C-042D-4AC8-9A7F-1F9803A96F48}.Release|x86.Build.0 = Release|Win32
		{B30B52E7-57FE-4FB6-8243-189277384EB4}.Debug|x64.ActiveCfg = Debug|x64
		{B30B52E7-57FE-4FB6-8243-189277384EB4}.Debug|x64.Build.0 = Debug|x64
		{B30B52E7-57FE-4FB6-8243-189277384EB4}.Debug|x86.ActiveCfg = Debug|Win32
		{B30B52E7-57FE-4FB6-8243-189277384EB4}.Debug|x86.Build.0 = Debug|Win32
		{B30B52E7-57FE-4FB6-8243-189277384EB4}.Release|x64.ActiveCfg = Release|x64
		{B30B52E7-57FE-4FB6-8243-189277384EB4}.Release|x64.Build.0 = Release|x64
		{B30B52E7-57FE-4FB6-8243-189277384EB4}.Release|x86.ActiveCfg = Release|Win32
		{B30B52E7-57FE-4FB6-8243-189277384EB4}.Release|x86.Build.0 = Release|Win32
		{9185357C-4A77-417A-9AC8-6CB09F30F23E}.Debug|x64.ActiveCfg = Debug|x64
		{9185357C-4A77-417A-9AC8-6CB09F30F23E}.Debug|x64.Build.0 = Debug|x64
		{9185357C-4A77-417A-9AC8-6CB09F30F23E}.Debug|x86.ActiveCfg = Debug|Win32
		{9185357C-4A77-417A-9AC8-6CB09F30F23E}.Debug|x86.Build.0 = Debug|Win32
		{9185357C-4A77-417A-9AC8-6CB09F30F23E}.Release|x64.ActiveCfg = Release|x64
		{9185357C-4A77-417A-9AC8-6CB09F30F23E}.Release|x64.Build.0 = Release|x64
		{9185357C-4A77-417A-9AC8-6CB09F30F23E}.Release|x86.ActiveCfg = Release|Win32
		{9185357C-4A77-417A-9AC8-6CB09F30F23E}.Release|x86.Build.0 = Release|Win32
		{3866478D-D64C-4A1D-9A7D-26B20133B576}.Debug|x64.ActiveCfg = Debug|x64
		{3866478D-D64C-4A1D-9A7D-26B20133B576}.Debug|x64.Build.0 = Debug|x64
		{3866478D-D64C-4A1D-9A7D-26B20133B576}.Debug|x86.ActiveCfg = Debug|Win32
		{3866478D-D64C-4A1D-9A7D-26B20133B576}.Debug|x86.Build.0 = Debug|Win32
		{3866478D-D64C-4A1D-9A7D-26B20133B576}.Release|x64.ActiveCfg = Release|x64
		{3866478D-D64C-4A1D-9A7D-26B20133B576}.Release|x64.Build.0 = Release|x64
		{3866478D-D64C-4A1D-9A7D-26B20133B576}.Release|x86.ActiveCfg = Release|Win32
		{3866478D-D64C-4A1D-9A7D-26B20133B576}.Release|x86.Build.0 = Release|Win32
		{6EED0854-BB64-4A0A-BC90-EFA02E294481}.Debug|x64.ActiveCfg = Debug|x64
		{6EED0854-BB64-4A0A-BC90-EFA02E294481}.Debug|x64.Build.0 = Debug|x64
		{6EED0854-BB64-4A0A-BC90-EFA02E294481}.Debug|x86.ActiveCfg = Debug|Win32
		{6EED0854-BB64-4A0A-BC90-EFA02E294481}.Debug|x86.Build.0 = Debug|Win32
		{6EED0854-BB64-4A0A-BC90-EFA02E294481}.Release|x64.ActiveCfg = Release|x64
		{6EED0854-BB64-4A0A-BC90-EFA02E294481}.Release|x64.Build.0 = Release|x64
		{6EED0854-BB64-4A0A-BC90-EFA02E294481}.Release|x86.ActiveCfg = Release|Win32
		{6EED0854-BB64-4A0A-BC90-EFA02E294481}.Release|x86.Build.0 = Release|Win32
		{C249362A-47FC-4AE3-A3F6-7F8F92450EF5}.Debug|x64.ActiveCfg = Debug|x64
		{C249362A-47FC-4AE3-A3F6-7F8F92450EF5}.Debug|x64.Build.0 = Debug|x64
		{C249362A-47FC-4AE3-A3F6-7F8F92450EF5}.Debug|x86.ActiveCfg = Debug|Win32
		{C249362A-47FC-4AE3-A3F6-7F8F92450EF5}.Debug|x86.Build.0 = Debug|Win32
		{C249362A-47FC-4AE3-A3F6-7F8F92450EF5}.Release|x64.ActiveCfg = Release|x64
		{C249362A-47FC-4AE3-A3F6-7F8F92450EF5}.Release|x64.Build.0 = Release|x64
		{C249362A-47FC-4AE3-A3F6-7F8F92450EF5}.Release|x86.ActiveCfg = Release|Win32
		{C249362A-47FC-4AE3-A3F6-7F8F92450EF5}.Release|x86.Build.0 = Release|Win32
		{437B6E74-2DCA-4547-8F03-153640B3DEA9}.Debug|x64.ActiveCfg = Debug|x64
		{437B6E74-2DCA-4547-8F03-153640B3DEA9}.Debug|x64.Build.0 = Debug|x64
		{437B6E74-2DCA-4547-8F03-153640B3DEA9}.Debug|x86.ActiveCfg = Debug|Win32
		{437B6E74-2DCA-4547-8F03-153640B3DEA9}.Debug|x86.Build.0 = Debug|Win32
		{437B6E74-2DCA-4547-8F03-153640B3DEA9}.Release|x64.ActiveCfg = Release|x64
		{437B6E74-2DCA-4547-8F03-153640B3DEA9}.Release|x64.Build.0 = Release|x64
		{437B6E74-2DCA-4547-8F03-153640B3DEA9}.Release|x86.ActiveCfg = Release|Win32
		{437B6E74-2DCA-4547-8F03-153640B3DEA9}.Release|x86.Build.0 = Release|Win32
		{FB6027C4-70E1-4A70-998F-EF8C875A790C}.Debug|x64.ActiveCfg = Debug|x64
		{FB6027C4-70E1-4A70-998F-EF8C875A790C}.Debug|x64.Build.0 = Debug|x64
		{FB6027C4-70E1-4A70-998F-EF8C875A790C}.Debug|x86.ActiveCfg = Debug|Win32
		{FB6027C4-70E1-4A70-998F-EF8C875A790C}.Debug|x86.Build.0 = Debug|Win32
		{FB6027C4-70E1-4A70-998F-EF8C875A790C}.Release|x64.ActiveCfg = Release|x64
		{FB6027C4-70E1-4A70-998F-EF8C875A790C}.Release|x64.Build.0 = Release|x64
		{FB6027C4-70E1-4A70-998F-EF8C875A790C}.Release|x86.ActiveCfg = Release|Win32
		{FB6027C4-70E1-4A70-998F-EF8C875A790C}.Release|x86.Build.0 = Release|Win32
		{1CAA5F45-B499-4AF6-9754-2875F2CCA6E4}.Debug|x64.ActiveCfg = Debug|x64
		{1CAA5F45-B499-4AF6-9754-2875F2CCA6E4}.Debug|x64.Build.0 = Debug|x64
		{1CAA5F45-B499-4AF6-9754-2875F2CCA6E4}.Debug|x86.ActiveCfg = Debug|Win32
		{1CAA5F45-B499-4AF6-9754-2875F2CCA6E4}.Debug|x86.Build.0 = Debug|Win32
		{1CAA5F45-B499-4AF6-9754-2875F2CCA6E4}.Release|x64.ActiveCfg = Release|x64
		{1CAA5F45-B499-4AF6-9754-2875F2CCA6E4}.Release|x64.Build.0 = Release|x64
		{1CAA5F45-B499-4AF6-9754-2875F2CCA6E4}.Release|x86.ActiveCfg = Release|Win32
		{1CAA5F45-B499-4AF6-9754-2875F2CCA6E4}.Release|x86.Build.0 = Release|Win32
		{55CFEC79-11EA-44CB-9AAB-56D1E8083A72}.Debug|x64.ActiveCfg = Debug|x64
		{55CFEC79-11EA-44CB-9AAB-56D1E8083A72}.Debug|x64.Build.0 = Debug|x64
		{55CFEC79-11EA-44CB-9AAB-56D1E8083A72}.Debug|x86.ActiveCfg = Debug|Win32
		{55CFEC79-11EA-44CB-9AAB-56D1E8083A72}.Debug|x86.Build.0 = Debug|Win32
		{55CFEC79-11EA-44CB-9AAB-56D1E8083A72}.Release|x64.ActiveCfg = Release|x64
		{55CFEC79-11EA-44CB-9AAB-56D1E8083A72}.Release|x64.Build.0 = Release|x64
		{55CFEC79-11EA-44CB-9AAB-56D1E8083A72}.Release|x86.ActiveCfg = Release|Win32
		{55CFEC79-11EA-44CB-9AAB-56D1E8083A72}.Release|x86.Build.0 = Release|Win32
		{331D0CA0-C3EB-47B1-BC29-78E0241D0DC2}.Debug|x64.ActiveCfg = Debug|x64
		{331D0CA0-C3EB-47B1-BC29-78E0241D0DC2}.Debug|x64.Build.0 = Debug|x64
		{331D0CA0-C3EB-47B1-BC29-78E0241D0DC2}.Debug|x86.ActiveCfg = Debug|Win32
		{331D0CA0-C3EB-47B1-BC29-78E0241D0DC2}.Debug|x86.Build.0 = Debug|Win32
		{331D0CA0-C3EB-47B1-BC29-78E0241D0DC2}.Release|x64.ActiveCfg = Release|x64
		{331D0CA0-C3EB-47B1-BC29-78E0241D0DC2}.Release|x64.Build.0 = Release|x64
		{331D0CA0-C3EB-47B1-BC29-78E0241D0DC2}.Release|x86.ActiveCfg = Release|Win32
		{331D0CA0-C3EB-47B1-BC29-78E0241D0DC2}.Release|x86.Build.0 = Release|Win32
		{8B0BF18B-D19E-40F0-900B-44237DFFA4E8}.Debug|x64.ActiveCfg = Debug|x64
		{8B0BF18B-D19E-40F0-900B-44237DFFA4E8}.Debug|x64.Build.0 = Debug|x64
		{8B0BF18B-D19E-40F0-900B-44237DFFA4E8}.Debug|x86.ActiveCfg = Debug|Win32
		{8B0BF18B-D19E-40F0-900B-44237DFFA4E8}.Debug|x86.Build.0 = Debug|Win32
		{8B0BF18B-D19E-40F0-900B-44237DFFA4E8}.Release|x64.ActiveCfg = Release|x64
		{8B0BF18B-D19E-40F0-900B-44237DFFA4E8}.Release|x64.Build.0 = Release|x64
		{8B0BF18B-D19E-40F0-900B-44237DFFA4E8}.Release|x86.ActiveCfg = Release|Win32
		{8B0BF18B-D19E-40F0-900B-44237DFFA4E8}.Release|x86.Build.0 = Release|Win32
		{01748776-AEA8-4549-8C89-13C34154C884}.Debug|x64.ActiveCfg = Debug|x64
		{01748776-AEA8-4549-8C89-13C34154C884}.Debug|x64.Build.0 = Debug|x64
		{01748776-AEA8-4549-8C89-13C34154C884}.Debug|x86.ActiveCfg = Debug|Win32
		{01748776-AEA8-4549-8C89-13C34154C884}.Debug|x86.Build.0 = Debug|Win32
		{01748776-AEA8-4549-8C89-13C34154C884}.Release|x64.ActiveCfg = Release|x64
		{01748776-AEA8-4549-8C89-13C34154C884}.Release|x64.Build.0 = Release|x64
		{01748776-AEA8-4549-8C89-13C34154C884}.Release|x86.ActiveCfg = Release|Win32
		{01748776-AEA8-4549-8C89-13C34154C884}.Release|x86.Build.0 = Release|Win32
		{79BB0C6F-A8A7-47DB-8ED9-040EEE14869E}.Debug|x64.ActiveCfg = Debug|x64
		{79BB0C6F-A8A7-47DB-8ED9-040EEE14869E}.Debug|x64.Build.0 = Debug|x64
		{79BB0C6F-A8A7-47DB-8ED9-040EEE14869E}.Debug|x86.ActiveCfg = Debug|Win32
		{79BB0C6F-A8A7-47DB-8ED9-040EEE14869E}.Debug|x86.Build.0 = Debug|Win32
		{79BB0C6F-A8A7-47DB-8ED9-040EEE14869E}.Release|x64.ActiveCfg = Release|x64
		{79BB0C6F-A8A7-47DB-8ED9-040EEE14869E}.Release|x64.Build.0 = Release|x64
		{79BB0C6F-A8A7-47DB-8ED9-040EEE14869E}.Release|x86.ActiveCfg = Release|Win32
		{79BB0C6F-A8A7-47DB-8ED9-040EEE14869E}.Release|x86.Build.0 = Release|Win32
	EndGlobalSection
	GlobalSection(SolutionProperties) = preSolution
		HideSolutionNode = FALSE
	EndGlobalSection
EndGlobal
